Microsoft Visual Studio Solution File, Format Version 11.00
# Visual Studio 2010
Project("{FAE04EC0-301F-11D3-BF4B-00C04F79EFBC}") = "LocalizedHtmlGenerator", "LocalizedHtmlGenerator.csproj", "{2559d1bd-a0e9-4340-bdb0-d6c8faa219f8}"
EndProject
Global
  GlobalSection(SolutionConfigurationPlatforms) = preSolution
    Debug|Any CPU = Debug|Any CPU
    Release|Any CPU = Release|Any CPU
  EndGlobalSection
  GlobalSection(ProjectConfigurationPlatforms) = postSolution
    {2559d1bd-a0e9-4340-bdb0-d6c8faa219f8}.Debug|Any CPU.ActiveCfg = Debug|Any CPU
    {2559d1bd-a0e9-4340-bdb0-d6c8faa219f8}.Debug|Any CPU.Build.0 = Debug|Any CPU
    {2559d1bd-a0e9-4340-bdb0-d6c8faa219f8}.Release|Any CPU.ActiveCfg = Release|Any CPU
    {2559d1bd-a0e9-4340-bdb0-d6c8faa219f8}.Release|Any CPU.Build.0 = Release|Any CPU
  EndGlobalSection
  GlobalSection(SolutionProperties) = preSolution
    HideSolutionNode = FALSE
  EndGlobalSection
EndGlobal
